<?xml version="1.0" encoding="utf-8"?>
<Project ToolsVersion="4.0" xmlns="http://schemas.microsoft.com/developer/msbuild/2003">
  <ItemGroup>
    <ClCompile Include="dllmain.cpp">
      <Filter>Sources</Filter>
    </ClCompile>
    <ClCompile Include="PlaneEvent.cpp">
      <Filter>Sources</Filter>
    </ClCompile>
    <ClCompile Include="MariaDB.cpp">
      <Filter>Sources</Filter>
    </ClCompile>
  </ItemGroup>
  <ItemGroup>
    <Filter Include="Sources">
      <UniqueIdentifier>{617250c8-8e3b-42c5-9c8f-bf53a0ad6e89}</UniqueIdentifier>
    </Filter>
    <Filter Include="Headers">
      <UniqueIdentifier>{16ef4bbd-7697-4500-9a3b-1e5a74ae83ce}</UniqueIdentifier>
    </Filter>
  </ItemGroup>
  <ItemGroup>
    <ClInclude Include="PlaneEvent.h">
      <Filter>Headers</Filter>
    </ClInclude>
    <ClInclude Include="framework.h">
      <Filter>Headers</Filter>
    </ClInclude>
    <ClInclude Include="MariaDB.h">
      <Filter>Headers</Filter>
    </ClInclude>
  </ItemGroup>
</Project>